
Microsoft Visual Studio Solution File, Format Version 12.00
# Visual Studio Version 16
VisualStudioVersion = 16.0.29920.165
MinimumVisualStudioVersion = 10.0.40219.1
Project("{FAE04EC0-301F-11D3-BF4B-00C04F79EFBC}") = "ClothesWeb", "ClothesWeb\ClothesWeb.csproj", "{2EB9544D-F992-4058-A00E-50C8889B4DF7}"
EndProject
Global
	GlobalSection(SolutionConfigurationPlatforms) = preSolution
		Debug|Any CPU = Debug|Any CPU
		Release|Any CPU = Release|Any CPU
	EndGlobalSection
	GlobalSection(ProjectConfigurationPlatforms) = postSolution
		{2EB9544D-F992-4058-A00E-50C8889B4DF7}.Debug|Any CPU.ActiveCfg = Debug|Any CPU
		{2EB9544D-F992-4058-A00E-50C8889B4DF7}.Debug|Any CPU.Build.0 = Debug|Any CPU
		{2EB9544D-F992-4058-A00E-50C8889B4DF7}.Release|Any CPU.ActiveCfg = Release|Any CPU
		{2EB9544D-F992-4058-A00E-50C8889B4DF7}.Release|Any CPU.Build.0 = Release|Any CPU
	EndGlobalSection
	GlobalSection(SolutionProperties) = preSolution
		HideSolutionNode = FALSE
	EndGlobalSection
	GlobalSection(ExtensibilityGlobals) = postSolution
		SolutionGuid = {3F0F0238-F4ED-4FB5-A89A-667AC91D5CF7}
	EndGlobalSection
EndGlobal
